
Microsoft Visual Studio Solution File, Format Version 12.00
# Visual Studio 2012
Project("{FAE04EC0-301F-11D3-BF4B-00C04F79EFBC}") = "Purple", "Purple.csproj", "{DCE68C04-A57B-48EB-B9F7-51728FF8E13E}"
EndProject
Project("{FAE04EC0-301F-11D3-BF4B-00C04F79EFBC}") = "PurpleLib", "PurpleLib\PurpleLib.csproj", "{FFAF96AC-10B1-4708-BF31-C1D960BA4E88}"
EndProject
Global
	GlobalSection(SolutionConfigurationPlatforms) = preSolution
		Debug|Any CPU = Debug|Any CPU
		Release|Any CPU = Release|Any CPU
	EndGlobalSection
	GlobalSection(ProjectConfigurationPlatforms) = postSolution
		{DCE68C04-A57B-48EB-B9F7-51728FF8E13E}.Debug|Any CPU.ActiveCfg = Debug|Any CPU
		{DCE68C04-A57B-48EB-B9F7-51728FF8E13E}.Debug|Any CPU.Build.0 = Debug|Any CPU
		{DCE68C04-A57B-48EB-B9F7-51728FF8E13E}.Release|Any CPU.ActiveCfg = Release|Any CPU
		{DCE68C04-A57B-48EB-B9F7-51728FF8E13E}.Release|Any CPU.Build.0 = Release|Any CPU
		{FFAF96AC-10B1-4708-BF31-C1D960BA4E88}.Debug|Any CPU.ActiveCfg = Debug|Any CPU
		{FFAF96AC-10B1-4708-BF31-C1D960BA4E88}.Debug|Any CPU.Build.0 = Debug|Any CPU
		{FFAF96AC-10B1-4708-BF31-C1D960BA4E88}.Release|Any CPU.ActiveCfg = Release|Any CPU
		{FFAF96AC-10B1-4708-BF31-C1D960BA4E88}.Release|Any CPU.Build.0 = Release|Any CPU
	EndGlobalSection
	GlobalSection(SolutionProperties) = preSolution
		HideSolutionNode = FALSE
	EndGlobalSection
EndGlobal
